
Microsoft Visual Studio Solution File, Format Version 12.00
# Visual Studio 15
VisualStudioVersion = 15.0.27703.2026
MinimumVisualStudioVersion = 10.0.40219.1
Project("{FAE04EC0-301F-11D3-BF4B-00C04F79EFBC}") = "Tangy", "Tangy\Tangy.csproj", "{BE80E8C5-F11C-46AD-AE5A-5C6383BE0EEC}"
EndProject
Global
	GlobalSection(SolutionConfigurationPlatforms) = preSolution
		Debug|Any CPU = Debug|Any CPU
		Release|Any CPU = Release|Any CPU
	EndGlobalSection
	GlobalSection(ProjectConfigurationPlatforms) = postSolution
		{BE80E8C5-F11C-46AD-AE5A-5C6383BE0EEC}.Debug|Any CPU.ActiveCfg = Debug|Any CPU
		{BE80E8C5-F11C-46AD-AE5A-5C6383BE0EEC}.Debug|Any CPU.Build.0 = Debug|Any CPU
		{BE80E8C5-F11C-46AD-AE5A-5C6383BE0EEC}.Release|Any CPU.ActiveCfg = Release|Any CPU
		{BE80E8C5-F11C-46AD-AE5A-5C6383BE0EEC}.Release|Any CPU.Build.0 = Release|Any CPU
	EndGlobalSection
	GlobalSection(SolutionProperties) = preSolution
		HideSolutionNode = FALSE
	EndGlobalSection
	GlobalSection(ExtensibilityGlobals) = postSolution
		SolutionGuid = {C2301BFF-F42E-4F24-B87A-6007A3CA6CB1}
	EndGlobalSection
EndGlobal
